{
  "object": {
    "pins": [
      {
        "package": "IQKeyboardManagerSwift",
        "repositoryURL": "https://github.com/hackiftekhar/IQKeyboardManager",
        "state": {
          "branch": null,
          "revision": "b6bac3571ac50c9218a0bb5147ec04399ff66b44",
          "version": "6.5.8"
        }
      }
    ]
  },
  "version": 1
}
